// !$*UTF8*$!
{
	archiveVersion = 1;
	classes = {
	};
	objectVersion = 50;
	objects = {

/* Begin PBXBuildFile section */
		EE0001D924BE94B2002BF2EE /* AppDelegate.m in Sources */ = {isa = PBXBuildFile; fileRef = EE0001D824BE94B2002BF2EE /* AppDelegate.m */; };
		EE0001E224BE94B2002BF2EE /* Main.storyboard in Resources */ = {isa = PBXBuildFile; fileRef = EE0001E024BE94B2002BF2EE /* Main.storyboard */; };
		EE0001E424BE94B3002BF2EE /* Assets.xcassets in Resources */ = {isa = PBXBuildFile; fileRef = EE0001E324BE94B3002BF2EE /* Assets.xcassets */; };
		EE0001E724BE94B3002BF2EE /* LaunchScreen.storyboard in Resources */ = {isa = PBXBuildFile; fileRef = EE0001E524BE94B3002BF2EE /* LaunchScreen.storyboard */; };
		EE0001EA24BE94B3002BF2EE /* main.m in Sources */ = {isa = PBXBuildFile; fileRef = EE0001E924BE94B3002BF2EE /* main.m */; };
		EE0001F224BE9606002BF2EE /* TableViewController.m in Sources */ = {isa = PBXBuildFile; fileRef = EE0001F124BE9606002BF2EE /* TableViewController.m */; };
		EE0001F524BE9775002BF2EE /* FireViewController.m in Sources */ = {isa = PBXBuildFile; fileRef = EE0001F424BE9775002BF2EE /* FireViewController.m */; };
		EE00020A24BEFA23002BF2EE /* UIMyNavigationController.m in Sources */ = {isa = PBXBuildFile; fileRef = EE00020924BEFA23002BF2EE /* UIMyNavigationController.m */; };
		EE00020D24BEFDBB002BF2EE /* FireworksViewController.m in Sources */ = {isa = PBXBuildFile; fileRef = EE00020C24BEFDBB002BF2EE /* FireworksViewController.m */; };
		EE00021024BF01EF002BF2EE /* LikeViewController.m in Sources */ = {isa = PBXBuildFile; fileRef = EE00020F24BF01EF002BF2EE /* LikeViewController.m */; };
		EE00021324BFB7D9002BF2EE /* UILikeButton.m in Sources */ = {isa = PBXBuildFile; fileRef = EE00021224BFB7D9002BF2EE /* UILikeButton.m */; };
		EE00021524BFBA99002BF2EE /* UILikeButton.bundle in Resources */ = {isa = PBXBuildFile; fileRef = EE00021424BFBA99002BF2EE /* UILikeButton.bundle */; };
		EE00021724BFBBC5002BF2EE /* LikeViewController.bundle in Resources */ = {isa = PBXBuildFile; fileRef = EE00021624BFBBC5002BF2EE /* LikeViewController.bundle */; };
/* End PBXBuildFile section */

/* Begin PBXFileReference section */
		EE0001D424BE94B2002BF2EE /* CAEmitterLayer.app */ = {isa = PBXFileReference; explicitFileType = wrapper.application; includeInIndex = 0; path = CAEmitterLayer.app; sourceTree = BUILT_PRODUCTS_DIR; };
		EE0001D724BE94B2002BF2EE /* AppDelegate.h */ = {isa = PBXFileReference; lastKnownFileType = sourcecode.c.h; path = AppDelegate.h; sourceTree = "<group>"; };
		EE0001D824BE94B2002BF2EE /* AppDelegate.m */ = {isa = PBXFileReference; lastKnownFileType = sourcecode.c.objc; path = AppDelegate.m; sourceTree = "<group>"; };
		EE0001E124BE94B2002BF2EE /* Base */ = {isa = PBXFileReference; lastKnownFileType = file.storyboard; name = Base; path = Base.lproj/Main.storyboard; sourceTree = "<group>"; };
		EE0001E324BE94B3002BF2EE /* Assets.xcassets */ = {isa = PBXFileReference; lastKnownFileType = folder.assetcatalog; path = Assets.xcassets; sourceTree = "<group>"; };
		EE0001E624BE94B3002BF2EE /* Base */ = {isa = PBXFileReference; lastKnownFileType = file.storyboard; name = Base; path = Base.lproj/LaunchScreen.storyboard; sourceTree = "<group>"; };
		EE0001E824BE94B3002BF2EE /* Info.plist */ = {isa = PBXFileReference; lastKnownFileType = text.plist.xml; path = Info.plist; sourceTree = "<group>"; };
		EE0001E924BE94B3002BF2EE /* main.m */ = {isa = PBXFileReference; lastKnownFileType = sourcecode.c.objc; path = main.m; sourceTree = "<group>"; };
		EE0001F024BE9606002BF2EE /* TableViewController.h */ = {isa = PBXFileReference; lastKnownFileType = sourcecode.c.h; path = TableViewController.h; sourceTree = "<group>"; };
		EE0001F124BE9606002BF2EE /* TableViewController.m */ = {isa = PBXFileReference; lastKnownFileType = sourcecode.c.objc; path = TableViewController.m; sourceTree = "<group>"; };
		EE0001F324BE9775002BF2EE /* FireViewController.h */ = {isa = PBXFileReference; lastKnownFileType = sourcecode.c.h; path = FireViewController.h; sourceTree = "<group>"; };
		EE0001F424BE9775002BF2EE /* FireViewController.m */ = {isa = PBXFileReference; lastKnownFileType = sourcecode.c.objc; path = FireViewController.m; sourceTree = "<group>"; };
		EE00020824BEFA23002BF2EE /* UIMyNavigationController.h */ = {isa = PBXFileReference; lastKnownFileType = sourcecode.c.h; path = UIMyNavigationController.h; sourceTree = "<group>"; };
		EE00020924BEFA23002BF2EE /* UIMyNavigationController.m */ = {isa = PBXFileReference; lastKnownFileType = sourcecode.c.objc; path = UIMyNavigationController.m; sourceTree = "<group>"; };
		EE00020B24BEFDBB002BF2EE /* FireworksViewController.h */ = {isa = PBXFileReference; lastKnownFileType = sourcecode.c.h; path = FireworksViewController.h; sourceTree = "<group>"; };
		EE00020C24BEFDBB002BF2EE /* FireworksViewController.m */ = {isa = PBXFileReference; lastKnownFileType = sourcecode.c.objc; path = FireworksViewController.m; sourceTree = "<group>"; };
		EE00020E24BF01EF002BF2EE /* LikeViewController.h */ = {isa = PBXFileReference; lastKnownFileType = sourcecode.c.h; path = LikeViewController.h; sourceTree = "<group>"; };
		EE00020F24BF01EF002BF2EE /* LikeViewController.m */ = {isa = PBXFileReference; lastKnownFileType = sourcecode.c.objc; path = LikeViewController.m; sourceTree = "<group>"; };
		EE00021124BFB7D9002BF2EE /* UILikeButton.h */ = {isa = PBXFileReference; lastKnownFileType = sourcecode.c.h; path = UILikeButton.h; sourceTree = "<group>"; };
		EE00021224BFB7D9002BF2EE /* UILikeButton.m */ = {isa = PBXFileReference; lastKnownFileType = sourcecode.c.objc; path = UILikeButton.m; sourceTree = "<group>"; };
		EE00021424BFBA99002BF2EE /* UILikeButton.bundle */ = {isa = PBXFileReference; lastKnownFileType = "wrapper.plug-in"; path = UILikeButton.bundle; sourceTree = "<group>"; };
		EE00021624BFBBC5002BF2EE /* LikeViewController.bundle */ = {isa = PBXFileReference; lastKnownFileType = "wrapper.plug-in"; path = LikeViewController.bundle; sourceTree = "<group>"; };
/* End PBXFileReference section */

/* Begin PBXFrameworksBuildPhase section */
		EE0001D124BE94B2002BF2EE /* Frameworks */ = {
			isa = PBXFrameworksBuildPhase;
			buildActionMask = 2147483647;
			files = (
			);
			runOnlyForDeploymentPostprocessing = 0;
		};
/* End PBXFrameworksBuildPhase section */

/* Begin PBXGroup section */
		EE0001CB24BE94B2002BF2EE = {
			isa = PBXGroup;
			children = (
				EE0001D624BE94B2002BF2EE /* CAEmitterLayer */,
				EE0001D524BE94B2002BF2EE /* Products */,
			);
			sourceTree = "<group>";
		};
		EE0001D524BE94B2002BF2EE /* Products */ = {
			isa = PBXGroup;
			children = (
				EE0001D424BE94B2002BF2EE /* CAEmitterLayer.app */,
			);
			name = Products;
			sourceTree = "<group>";
		};
		EE0001D624BE94B2002BF2EE /* CAEmitterLayer */ = {
			isa = PBXGroup;
			children = (
				EE0001D724BE94B2002BF2EE /* AppDelegate.h */,
				EE0001D824BE94B2002BF2EE /* AppDelegate.m */,
				EE00020824BEFA23002BF2EE /* UIMyNavigationController.h */,
				EE00020924BEFA23002BF2EE /* UIMyNavigationController.m */,
				EE0001F024BE9606002BF2EE /* TableViewController.h */,
				EE0001F124BE9606002BF2EE /* TableViewController.m */,
				EE0001F324BE9775002BF2EE /* FireViewController.h */,
				EE0001F424BE9775002BF2EE /* FireViewController.m */,
				EE00020B24BEFDBB002BF2EE /* FireworksViewController.h */,
				EE00020C24BEFDBB002BF2EE /* FireworksViewController.m */,
				EE00021824BFBC7F002BF2EE /* LikeButton */,
				EE0001E024BE94B2002BF2EE /* Main.storyboard */,
				EE0001E324BE94B3002BF2EE /* Assets.xcassets */,
				EE0001E524BE94B3002BF2EE /* LaunchScreen.storyboard */,
				EE0001E824BE94B3002BF2EE /* Info.plist */,
				EE0001E924BE94B3002BF2EE /* main.m */,
			);
			path = CAEmitterLayer;
			sourceTree = "<group>";
		};
		EE00021824BFBC7F002BF2EE /* LikeButton */ = {
			isa = PBXGroup;
			children = (
				EE00020E24BF01EF002BF2EE /* LikeViewController.h */,
				EE00020F24BF01EF002BF2EE /* LikeViewController.m */,
				EE00021624BFBBC5002BF2EE /* LikeViewController.bundle */,
				EE00021124BFB7D9002BF2EE /* UILikeButton.h */,
				EE00021224BFB7D9002BF2EE /* UILikeButton.m */,
				EE00021424BFBA99002BF2EE /* UILikeButton.bundle */,
			);
			path = LikeButton;
			sourceTree = "<group>";
		};
/* End PBXGroup section */

/* Begin PBXNativeTarget section */
		EE0001D324BE94B2002BF2EE /* CAEmitterLayer */ = {
			isa = PBXNativeTarget;
			buildConfigurationList = EE0001ED24BE94B3002BF2EE /* Build configuration list for PBXNativeTarget "CAEmitterLayer" */;
			buildPhases = (
				EE0001D024BE94B2002BF2EE /* Sources */,
				EE0001D124BE94B2002BF2EE /* Frameworks */,
				EE0001D224BE94B2002BF2EE /* Resources */,
			);
			buildRules = (
			);
			dependencies = (
			);
			name = CAEmitterLayer;
			productName = CAEmitterLayer;
			productReference = EE0001D424BE94B2002BF2EE /* CAEmitterLayer.app */;
			productType = "com.apple.product-type.application";
		};
/* End PBXNativeTarget section */

/* Begin PBXProject section */
		EE0001CC24BE94B2002BF2EE /* Project object */ = {
			isa = PBXProject;
			attributes = {
				LastUpgradeCheck = 1150;
				ORGANIZATIONNAME = "MingJie Han";
				TargetAttributes = {
					EE0001D324BE94B2002BF2EE = {
						CreatedOnToolsVersion = 11.5;
					};
				};
			};
			buildConfigurationList = EE0001CF24BE94B2002BF2EE /* Build configuration list for PBXProject "CAEmitterLayer" */;
			compatibilityVersion = "Xcode 9.3";
			developmentRegion = en;
			hasScannedForEncodings = 0;
			knownRegions = (
				en,
				Base,
			);
			mainGroup = EE0001CB24BE94B2002BF2EE;
			productRefGroup = EE0001D524BE94B2002BF2EE /* Products */;
			projectDirPath = "";
			projectRoot = "";
			targets = (
				EE0001D324BE94B2002BF2EE /* CAEmitterLayer */,
			);
		};
/* End PBXProject section */

/* Begin PBXResourcesBuildPhase section */
		EE0001D224BE94B2002BF2EE /* Resources */ = {
			isa = PBXResourcesBuildPhase;
			buildActionMask = 2147483647;
			files = (
				EE0001E724BE94B3002BF2EE /* LaunchScreen.storyboard in Resources */,
				EE0001E424BE94B3002BF2EE /* Assets.xcassets in Resources */,
				EE00021524BFBA99002BF2EE /* UILikeButton.bundle in Resources */,
				EE00021724BFBBC5002BF2EE /* LikeViewController.bundle in Resources */,
				EE0001E224BE94B2002BF2EE /* Main.storyboard in Resources */,
			);
			runOnlyForDeploymentPostprocessing = 0;
		};
/* End PBXResourcesBuildPhase section */

/* Begin PBXSourcesBuildPhase section */
		EE0001D024BE94B2002BF2EE /* Sources */ = {
			isa = PBXSourcesBuildPhase;
			buildActionMask = 2147483647;
			files = (
				EE00021324BFB7D9002BF2EE /* UILikeButton.m in Sources */,
				EE00020A24BEFA23002BF2EE /* UIMyNavigationController.m in Sources */,
				EE0001F524BE9775002BF2EE /* FireViewController.m in Sources */,
				EE0001D924BE94B2002BF2EE /* AppDelegate.m in Sources */,
				EE00021024BF01EF002BF2EE /* LikeViewController.m in Sources */,
				EE00020D24BEFDBB002BF2EE /* FireworksViewController.m in Sources */,
				EE0001EA24BE94B3002BF2EE /* main.m in Sources */,
				EE0001F224BE9606002BF2EE /* TableViewController.m in Sources */,
			);
			runOnlyForDeploymentPostprocessing = 0;
		};
/* End PBXSourcesBuildPhase section */

/* Begin PBXVariantGroup section */
		EE0001E024BE94B2002BF2EE /* Main.storyboard */ = {
			isa = PBXVariantGroup;
			children = (
				EE0001E124BE94B2002BF2EE /* Base */,
			);
			name = Main.storyboard;
			sourceTree = "<group>";
		};
		EE0001E524BE94B3002BF2EE /* LaunchScreen.storyboard */ = {
			isa = PBXVariantGroup;
			children = (
				EE0001E624BE94B3002BF2EE /* Base */,
			);
			name = LaunchScreen.storyboard;
			sourceTree = "<group>";
		};
/* End PBXVariantGroup section */

/* Begin XCBuildConfiguration section */
		EE0001EB24BE94B3002BF2EE /* Debug */ = {
			isa = XCBuildConfiguration;
			buildSettings = {
				ALWAYS_SEARCH_USER_PATHS = NO;
				CLANG_ANALYZER_NONNULL = YES;
				CLANG_ANALYZER_NUMBER_OBJECT_CONVERSION = YES_AGGRESSIVE;
				CLANG_CXX_LANGUAGE_STANDARD = "gnu++14";
				CLANG_CXX_LIBRARY = "libc++";
				CLANG_ENABLE_MODULES = YES;
				CLANG_ENABLE_OBJC_ARC = YES;
				CLANG_ENABLE_OBJC_WEAK = YES;
				CLANG_WARN_BLOCK_CAPTURE_AUTORELEASING = YES;
				CLANG_WARN_BOOL_CONVERSION = YES;
				CLANG_WARN_COMMA = YES;
				CLANG_WARN_CONSTANT_CONVERSION = YES;
				CLANG_WARN_DEPRECATED_OBJC_IMPLEMENTATIONS = YES;
				CLANG_WARN_DIRECT_OBJC_ISA_USAGE = YES_ERROR;
				CLANG_WARN_DOCUMENTATION_COMMENTS = YES;
				CLANG_WARN_EMPTY_BODY = YES;
				CLANG_WARN_ENUM_CONVERSION = YES;
				CLANG_WARN_INFINITE_RECURSION = YES;
				CLANG_WARN_INT_CONVERSION = YES;
				CLANG_WARN_NON_LITERAL_NULL_CONVERSION = YES;
				CLANG_WARN_OBJC_IMPLICIT_RETAIN_SELF = YES;
				CLANG_WARN_OBJC_LITERAL_CONVERSION = YES;
				CLANG_WARN_OBJC_ROOT_CLASS = YES_ERROR;
				CLANG_WARN_RANGE_LOOP_ANALYSIS = YES;
				CLANG_WARN_STRICT_PROTOTYPES = YES;
				CLANG_WARN_SUSPICIOUS_MOVE = YES;
				CLANG_WARN_UNGUARDED_AVAILABILITY = YES_AGGRESSIVE;
				CLANG_WARN_UNREACHABLE_CODE = YES;
				CLANG_WARN__DUPLICATE_METHOD_MATCH = YES;
				COPY_PHASE_STRIP = NO;
				DEBUG_INFORMATION_FORMAT = dwarf;
				ENABLE_STRICT_OBJC_MSGSEND = YES;
				ENABLE_TESTABILITY = YES;
				GCC_C_LANGUAGE_STANDARD = gnu11;
				GCC_DYNAMIC_NO_PIC = NO;
				GCC_NO_COMMON_BLOCKS = YES;
				GCC_OPTIMIZATION_LEVEL = 0;
				GCC_PREPROCESSOR_DEFINITIONS = (
					"DEBUG=1",
					"$(inherited)",
				);
				GCC_WARN_64_TO_32_BIT_CONVERSION = YES;
				GCC_WARN_ABOUT_RETURN_TYPE = YES_ERROR;
				GCC_WARN_UNDECLARED_SELECTOR = YES;
				GCC_WARN_UNINITIALIZED_AUTOS = YES_AGGRESSIVE;
				GCC_WARN_UNUSED_FUNCTION = YES;
				GCC_WARN_UNUSED_VARIABLE = YES;
				IPHONEOS_DEPLOYMENT_TARGET = 13.5;
				MTL_ENABLE_DEBUG_INFO = INCLUDE_SOURCE;
				MTL_FAST_MATH = YES;
				ONLY_ACTIVE_ARCH = YES;
				SDKROOT = iphoneos;
			};
			name = Debug;
		};
		EE0001EC24BE94B3002BF2EE /* Release */ = {
			isa = XCBuildConfiguration;
			buildSettings = {
				ALWAYS_SEARCH_USER_PATHS = NO;
				CLANG_ANALYZER_NONNULL = YES;
				CLANG_ANALYZER_NUMBER_OBJECT_CONVERSION = YES_AGGRESSIVE;
				CLANG_CXX_LANGUAGE_STANDARD = "gnu++14";
				CLANG_CXX_LIBRARY = "libc++";
				CLANG_ENABLE_MODULES = YES;
				CLANG_ENABLE_OBJC_ARC = YES;
				CLANG_ENABLE_OBJC_WEAK = YES;
				CLANG_WARN_BLOCK_CAPTURE_AUTORELEASING = YES;
				CLANG_WARN_BOOL_CONVERSION = YES;
				CLANG_WARN_COMMA = YES;
				CLANG_WARN_CONSTANT_CONVERSION = YES;
				CLANG_WARN_DEPRECATED_OBJC_IMPLEMENTATIONS = YES;
				CLANG_WARN_DIRECT_OBJC_ISA_USAGE = YES_ERROR;
				CLANG_WARN_DOCUMENTATION_COMMENTS = YES;
				CLANG_WARN_EMPTY_BODY = YES;
				CLANG_WARN_ENUM_CONVERSION = YES;
				CLANG_WARN_INFINITE_RECURSION = YES;
				CLANG_WARN_INT_CONVERSION = YES;
				CLANG_WARN_NON_LITERAL_NULL_CONVERSION = YES;
				CLANG_WARN_OBJC_IMPLICIT_RETAIN_SELF = YES;
				CLANG_WARN_OBJC_LITERAL_CONVERSION = YES;
				CLANG_WARN_OBJC_ROOT_CLASS = YES_ERROR;
				CLANG_WARN_RANGE_LOOP_ANALYSIS = YES;
				CLANG_WARN_STRICT_PROTOTYPES = YES;
				CLANG_WARN_SUSPICIOUS_MOVE = YES;
				CLANG_WARN_UNGUARDED_AVAILABILITY = YES_AGGRESSIVE;
				CLANG_WARN_UNREACHABLE_CODE = YES;
				CLANG_WARN__DUPLICATE_METHOD_MATCH = YES;
				COPY_PHASE_STRIP = NO;
				DEBUG_INFORMATION_FORMAT = "dwarf-with-dsym";
				ENABLE_NS_ASSERTIONS = NO;
				ENABLE_STRICT_OBJC_MSGSEND = YES;
				GCC_C_LANGUAGE_STANDARD = gnu11;
				GCC_NO_COMMON_BLOCKS = YES;
				GCC_WARN_64_TO_32_BIT_CONVERSION = YES;
				GCC_WARN_ABOUT_RETURN_TYPE = YES_ERROR;
				GCC_WARN_UNDECLARED_SELECTOR = YES;
				GCC_WARN_UNINITIALIZED_AUTOS = YES_AGGRESSIVE;
				GCC_WARN_UNUSED_FUNCTION = YES;
				GCC_WARN_UNUSED_VARIABLE = YES;
				IPHONEOS_DEPLOYMENT_TARGET = 13.5;
				MTL_ENABLE_DEBUG_INFO = NO;
				MTL_FAST_MATH = YES;
				SDKROOT = iphoneos;
				VALIDATE_PRODUCT = YES;
			};
			name = Release;
		};
		EE0001EE24BE94B3002BF2EE /* Debug */ = {
			isa = XCBuildConfiguration;
			buildSettings = {
				ASSETCATALOG_COMPILER_APPICON_NAME = AppIcon;
				CODE_SIGN_STYLE = Automatic;
				DEVELOPMENT_TEAM = 3KM9DQ5C6Z;
				INFOPLIST_FILE = CAEmitterLayer/Info.plist;
				IPHONEOS_DEPLOYMENT_TARGET = 9.0;
				LD_RUNPATH_SEARCH_PATHS = (
					"$(inherited)",
					"@executable_path/Frameworks",
				);
				PRODUCT_BUNDLE_IDENTIFIER = com.hanmingjie.CAEmitterLayer;
				PRODUCT_NAME = "$(TARGET_NAME)";
				TARGETED_DEVICE_FAMILY = "1,2";
			};
			name = Debug;
		};
		EE0001EF24BE94B3002BF2EE /* Release */ = {
			isa = XCBuildConfiguration;
			buildSettings = {
				ASSETCATALOG_COMPILER_APPICON_NAME = AppIcon;
				CODE_SIGN_STYLE = Automatic;
				DEVELOPMENT_TEAM = 3KM9DQ5C6Z;
				INFOPLIST_FILE = CAEmitterLayer/Info.plist;
				IPHONEOS_DEPLOYMENT_TARGET = 9.0;
				LD_RUNPATH_SEARCH_PATHS = (
					"$(inherited)",
					"@executable_path/Frameworks",
				);
				PRODUCT_BUNDLE_IDENTIFIER = com.hanmingjie.CAEmitterLayer;
				PRODUCT_NAME = "$(TARGET_NAME)";
				TARGETED_DEVICE_FAMILY = "1,2";
			};
			name = Release;
		};
/* End XCBuildConfiguration section */

/* Begin XCConfigurationList section */
		EE0001CF24BE94B2002BF2EE /* Build configuration list for PBXProject "CAEmitterLayer" */ = {
			isa = XCConfigurationList;
			buildConfigurations = (
				EE0001EB24BE94B3002BF2EE /* Debug */,
				EE0001EC24BE94B3002BF2EE /* Release */,
			);
			defaultConfigurationIsVisible = 0;
			defaultConfigurationName = Release;
		};
		EE0001ED24BE94B3002BF2EE /* Build configuration list for PBXNativeTarget "CAEmitterLayer" */ = {
			isa = XCConfigurationList;
			buildConfigurations = (
				EE0001EE24BE94B3002BF2EE /* Debug */,
				EE0001EF24BE94B3002BF2EE /* Release */,
			);
			defaultConfigurationIsVisible = 0;
			defaultConfigurationName = Release;
		};
/* End XCConfigurationList section */
	};
	rootObject = EE0001CC24BE94B2002BF2EE /* Project object */;
}
